// !$*UTF8*$!
{
	archiveVersion = 1;
	classes = {
	};
	objectVersion = 50;
	objects = {

/* Begin PBXBuildFile section */
		F2AFF95226E0534E0014A8BB /* AppDelegate.swift in Sources */ = {isa = PBXBuildFile; fileRef = F2AFF95126E0534E0014A8BB /* AppDelegate.swift */; };
		F2AFF95426E0534E0014A8BB /* SceneDelegate.swift in Sources */ = {isa = PBXBuildFile; fileRef = F2AFF95326E0534E0014A8BB /* SceneDelegate.swift */; };
		F2AFF95626E0534E0014A8BB /* ViewController.swift in Sources */ = {isa = PBXBuildFile; fileRef = F2AFF95526E0534E0014A8BB /* ViewController.swift */; };
		F2AFF95926E0534E0014A8BB /* Main.storyboard in Resources */ = {isa = PBXBuildFile; fileRef = F2AFF95726E0534E0014A8BB /* Main.storyboard */; };
		F2AFF95B26E0534F0014A8BB /* Assets.xcassets in Resources */ = {isa = PBXBuildFile; fileRef = F2AFF95A26E0534F0014A8BB /* Assets.xcassets */; };
		F2AFF95E26E0534F0014A8BB /* LaunchScreen.storyboard in Resources */ = {isa = PBXBuildFile; fileRef = F2AFF95C26E0534F0014A8BB /* LaunchScreen.storyboard */; };
		F2AFF96C26E053EC0014A8BB /* icon02.png in Resources */ = {isa = PBXBuildFile; fileRef = F2AFF96626E053EC0014A8BB /* icon02.png */; };
		F2AFF96D26E053EC0014A8BB /* icon03.png in Resources */ = {isa = PBXBuildFile; fileRef = F2AFF96726E053EC0014A8BB /* icon03.png */; };
		F2AFF96E26E053EC0014A8BB /* icon01.png in Resources */ = {isa = PBXBuildFile; fileRef = F2AFF96826E053EC0014A8BB /* icon01.png */; };
		F2AFF96F26E053EC0014A8BB /* icon04.png in Resources */ = {isa = PBXBuildFile; fileRef = F2AFF96926E053EC0014A8BB /* icon04.png */; };
		F2AFF97026E053EC0014A8BB /* icon05.png in Resources */ = {isa = PBXBuildFile; fileRef = F2AFF96A26E053EC0014A8BB /* icon05.png */; };
		F2AFF97126E053EC0014A8BB /* sidemenu.png in Resources */ = {isa = PBXBuildFile; fileRef = F2AFF96B26E053EC0014A8BB /* sidemenu.png */; };
		F2AFF97326E054560014A8BB /* RevealViewController.swift in Sources */ = {isa = PBXBuildFile; fileRef = F2AFF97226E054560014A8BB /* RevealViewController.swift */; };
		F2AFF97526E054BC0014A8BB /* FonrtViewController.swift in Sources */ = {isa = PBXBuildFile; fileRef = F2AFF97426E054BC0014A8BB /* FonrtViewController.swift */; };
		F2AFF97726E054FC0014A8BB /* SideBarViewController.swift in Sources */ = {isa = PBXBuildFile; fileRef = F2AFF97626E054FC0014A8BB /* SideBarViewController.swift */; };
/* End PBXBuildFile section */

/* Begin PBXFileReference section */
		F2AFF94E26E0534E0014A8BB /* SideBarDIY.app */ = {isa = PBXFileReference; explicitFileType = wrapper.application; includeInIndex = 0; path = SideBarDIY.app; sourceTree = BUILT_PRODUCTS_DIR; };
		F2AFF95126E0534E0014A8BB /* AppDelegate.swift */ = {isa = PBXFileReference; lastKnownFileType = sourcecode.swift; path = AppDelegate.swift; sourceTree = "<group>"; };
		F2AFF95326E0534E0014A8BB /* SceneDelegate.swift */ = {isa = PBXFileReference; lastKnownFileType = sourcecode.swift; path = SceneDelegate.swift; sourceTree = "<group>"; };
		F2AFF95526E0534E0014A8BB /* ViewController.swift */ = {isa = PBXFileReference; lastKnownFileType = sourcecode.swift; path = ViewController.swift; sourceTree = "<group>"; };
		F2AFF95826E0534E0014A8BB /* Base */ = {isa = PBXFileReference; lastKnownFileType = file.storyboard; name = Base; path = Base.lproj/Main.storyboard; sourceTree = "<group>"; };
		F2AFF95A26E0534F0014A8BB /* Assets.xcassets */ = {isa = PBXFileReference; lastKnownFileType = folder.assetcatalog; path = Assets.xcassets; sourceTree = "<group>"; };
		F2AFF95D26E0534F0014A8BB /* Base */ = {isa = PBXFileReference; lastKnownFileType = file.storyboard; name = Base; path = Base.lproj/LaunchScreen.storyboard; sourceTree = "<group>"; };
		F2AFF95F26E0534F0014A8BB /* Info.plist */ = {isa = PBXFileReference; lastKnownFileType = text.plist.xml; path = Info.plist; sourceTree = "<group>"; };
		F2AFF96626E053EC0014A8BB /* icon02.png */ = {isa = PBXFileReference; lastKnownFileType = image.png; path = icon02.png; sourceTree = "<group>"; };
		F2AFF96726E053EC0014A8BB /* icon03.png */ = {isa = PBXFileReference; lastKnownFileType = image.png; path = icon03.png; sourceTree = "<group>"; };
		F2AFF96826E053EC0014A8BB /* icon01.png */ = {isa = PBXFileReference; lastKnownFileType = image.png; path = icon01.png; sourceTree = "<group>"; };
		F2AFF96926E053EC0014A8BB /* icon04.png */ = {isa = PBXFileReference; lastKnownFileType = image.png; path = icon04.png; sourceTree = "<group>"; };
		F2AFF96A26E053EC0014A8BB /* icon05.png */ = {isa = PBXFileReference; lastKnownFileType = image.png; path = icon05.png; sourceTree = "<group>"; };
		F2AFF96B26E053EC0014A8BB /* sidemenu.png */ = {isa = PBXFileReference; lastKnownFileType = image.png; path = sidemenu.png; sourceTree = "<group>"; };
		F2AFF97226E054560014A8BB /* RevealViewController.swift */ = {isa = PBXFileReference; lastKnownFileType = sourcecode.swift; path = RevealViewController.swift; sourceTree = "<group>"; };
		F2AFF97426E054BC0014A8BB /* FonrtViewController.swift */ = {isa = PBXFileReference; lastKnownFileType = sourcecode.swift; path = FonrtViewController.swift; sourceTree = "<group>"; };
		F2AFF97626E054FC0014A8BB /* SideBarViewController.swift */ = {isa = PBXFileReference; lastKnownFileType = sourcecode.swift; path = SideBarViewController.swift; sourceTree = "<group>"; };
/* End PBXFileReference section */

/* Begin PBXFrameworksBuildPhase section */
		F2AFF94B26E0534E0014A8BB /* Frameworks */ = {
			isa = PBXFrameworksBuildPhase;
			buildActionMask = 2147483647;
			files = (
			);
			runOnlyForDeploymentPostprocessing = 0;
		};
/* End PBXFrameworksBuildPhase section */

/* Begin PBXGroup section */
		F2AFF94526E0534E0014A8BB = {
			isa = PBXGroup;
			children = (
				F2AFF96526E053EC0014A8BB /* Resources */,
				F2AFF95026E0534E0014A8BB /* SideBarDIY */,
				F2AFF94F26E0534E0014A8BB /* Products */,
			);
			sourceTree = "<group>";
		};
		F2AFF94F26E0534E0014A8BB /* Products */ = {
			isa = PBXGroup;
			children = (
				F2AFF94E26E0534E0014A8BB /* SideBarDIY.app */,
			);
			name = Products;
			sourceTree = "<group>";
		};
		F2AFF95026E0534E0014A8BB /* SideBarDIY */ = {
			isa = PBXGroup;
			children = (
				F2AFF95126E0534E0014A8BB /* AppDelegate.swift */,
				F2AFF95326E0534E0014A8BB /* SceneDelegate.swift */,
				F2AFF95526E0534E0014A8BB /* ViewController.swift */,
				F2AFF95726E0534E0014A8BB /* Main.storyboard */,
				F2AFF95A26E0534F0014A8BB /* Assets.xcassets */,
				F2AFF95C26E0534F0014A8BB /* LaunchScreen.storyboard */,
				F2AFF95F26E0534F0014A8BB /* Info.plist */,
				F2AFF97226E054560014A8BB /* RevealViewController.swift */,
				F2AFF97426E054BC0014A8BB /* FonrtViewController.swift */,
				F2AFF97626E054FC0014A8BB /* SideBarViewController.swift */,
			);
			path = SideBarDIY;
			sourceTree = "<group>";
		};
		F2AFF96526E053EC0014A8BB /* Resources */ = {
			isa = PBXGroup;
			children = (
				F2AFF96626E053EC0014A8BB /* icon02.png */,
				F2AFF96726E053EC0014A8BB /* icon03.png */,
				F2AFF96826E053EC0014A8BB /* icon01.png */,
				F2AFF96926E053EC0014A8BB /* icon04.png */,
				F2AFF96A26E053EC0014A8BB /* icon05.png */,
				F2AFF96B26E053EC0014A8BB /* sidemenu.png */,
			);
			path = Resources;
			sourceTree = "<group>";
		};
/* End PBXGroup section */

/* Begin PBXNativeTarget section */
		F2AFF94D26E0534E0014A8BB /* SideBarDIY */ = {
			isa = PBXNativeTarget;
			buildConfigurationList = F2AFF96226E0534F0014A8BB /* Build configuration list for PBXNativeTarget "SideBarDIY" */;
			buildPhases = (
				F2AFF94A26E0534E0014A8BB /* Sources */,
				F2AFF94B26E0534E0014A8BB /* Frameworks */,
				F2AFF94C26E0534E0014A8BB /* Resources */,
			);
			buildRules = (
			);
			dependencies = (
			);
			name = SideBarDIY;
			productName = SideBarDIY;
			productReference = F2AFF94E26E0534E0014A8BB /* SideBarDIY.app */;
			productType = "com.apple.product-type.application";
		};
/* End PBXNativeTarget section */

/* Begin PBXProject section */
		F2AFF94626E0534E0014A8BB /* Project object */ = {
			isa = PBXProject;
			attributes = {
				LastSwiftUpdateCheck = 1250;
				LastUpgradeCheck = 1250;
				TargetAttributes = {
					F2AFF94D26E0534E0014A8BB = {
						CreatedOnToolsVersion = 12.5.1;
					};
				};
			};
			buildConfigurationList = F2AFF94926E0534E0014A8BB /* Build configuration list for PBXProject "SideBarDIY" */;
			compatibilityVersion = "Xcode 9.3";
			developmentRegion = en;
			hasScannedForEncodings = 0;
			knownRegions = (
				en,
				Base,
			);
			mainGroup = F2AFF94526E0534E0014A8BB;
			productRefGroup = F2AFF94F26E0534E0014A8BB /* Products */;
			projectDirPath = "";
			projectRoot = "";
			targets = (
				F2AFF94D26E0534E0014A8BB /* SideBarDIY */,
			);
		};
/* End PBXProject section */

/* Begin PBXResourcesBuildPhase section */
		F2AFF94C26E0534E0014A8BB /* Resources */ = {
			isa = PBXResourcesBuildPhase;
			buildActionMask = 2147483647;
			files = (
				F2AFF96C26E053EC0014A8BB /* icon02.png in Resources */,
				F2AFF96F26E053EC0014A8BB /* icon04.png in Resources */,
				F2AFF95E26E0534F0014A8BB /* LaunchScreen.storyboard in Resources */,
				F2AFF97126E053EC0014A8BB /* sidemenu.png in Resources */,
				F2AFF97026E053EC0014A8BB /* icon05.png in Resources */,
				F2AFF95B26E0534F0014A8BB /* Assets.xcassets in Resources */,
				F2AFF95926E0534E0014A8BB /* Main.storyboard in Resources */,
				F2AFF96D26E053EC0014A8BB /* icon03.png in Resources */,
				F2AFF96E26E053EC0014A8BB /* icon01.png in Resources */,
			);
			runOnlyForDeploymentPostprocessing = 0;
		};
/* End PBXResourcesBuildPhase section */

/* Begin PBXSourcesBuildPhase section */
		F2AFF94A26E0534E0014A8BB /* Sources */ = {
			isa = PBXSourcesBuildPhase;
			buildActionMask = 2147483647;
			files = (
				F2AFF95626E0534E0014A8BB /* ViewController.swift in Sources */,
				F2AFF97726E054FC0014A8BB /* SideBarViewController.swift in Sources */,
				F2AFF95226E0534E0014A8BB /* AppDelegate.swift in Sources */,
				F2AFF97526E054BC0014A8BB /* FonrtViewController.swift in Sources */,
				F2AFF95426E0534E0014A8BB /* SceneDelegate.swift in Sources */,
				F2AFF97326E054560014A8BB /* RevealViewController.swift in Sources */,
			);
			runOnlyForDeploymentPostprocessing = 0;
		};
/* End PBXSourcesBuildPhase section */

/* Begin PBXVariantGroup section */
		F2AFF95726E0534E0014A8BB /* Main.storyboard */ = {
			isa = PBXVariantGroup;
			children = (
				F2AFF95826E0534E0014A8BB /* Base */,
			);
			name = Main.storyboard;
			sourceTree = "<group>";
		};
		F2AFF95C26E0534F0014A8BB /* LaunchScreen.storyboard */ = {
			isa = PBXVariantGroup;
			children = (
				F2AFF95D26E0534F0014A8BB /* Base */,
			);
			name = LaunchScreen.storyboard;
			sourceTree = "<group>";
		};
/* End PBXVariantGroup section */

/* Begin XCBuildConfiguration section */
		F2AFF96026E0534F0014A8BB /* Debug */ = {
			isa = XCBuildConfiguration;
			buildSettings = {
				ALWAYS_SEARCH_USER_PATHS = NO;
				CLANG_ANALYZER_NONNULL = YES;
				CLANG_ANALYZER_NUMBER_OBJECT_CONVERSION = YES_AGGRESSIVE;
				CLANG_CXX_LANGUAGE_STANDARD = "gnu++14";
				CLANG_CXX_LIBRARY = "libc++";
				CLANG_ENABLE_MODULES = YES;
				CLANG_ENABLE_OBJC_ARC = YES;
				CLANG_ENABLE_OBJC_WEAK = YES;
				CLANG_WARN_BLOCK_CAPTURE_AUTORELEASING = YES;
				CLANG_WARN_BOOL_CONVERSION = YES;
				CLANG_WARN_COMMA = YES;
				CLANG_WARN_CONSTANT_CONVERSION = YES;
				CLANG_WARN_DEPRECATED_OBJC_IMPLEMENTATIONS = YES;
				CLANG_WARN_DIRECT_OBJC_ISA_USAGE = YES_ERROR;
				CLANG_WARN_DOCUMENTATION_COMMENTS = YES;
				CLANG_WARN_EMPTY_BODY = YES;
				CLANG_WARN_ENUM_CONVERSION = YES;
				CLANG_WARN_INFINITE_RECURSION = YES;
				CLANG_WARN_INT_CONVERSION = YES;
				CLANG_WARN_NON_LITERAL_NULL_CONVERSION = YES;
				CLANG_WARN_OBJC_IMPLICIT_RETAIN_SELF = YES;
				CLANG_WARN_OBJC_LITERAL_CONVERSION = YES;
				CLANG_WARN_OBJC_ROOT_CLASS = YES_ERROR;
				CLANG_WARN_QUOTED_INCLUDE_IN_FRAMEWORK_HEADER = YES;
				CLANG_WARN_RANGE_LOOP_ANALYSIS = YES;
				CLANG_WARN_STRICT_PROTOTYPES = YES;
				CLANG_WARN_SUSPICIOUS_MOVE = YES;
				CLANG_WARN_UNGUARDED_AVAILABILITY = YES_AGGRESSIVE;
				CLANG_WARN_UNREACHABLE_CODE = YES;
				CLANG_WARN__DUPLICATE_METHOD_MATCH = YES;
				COPY_PHASE_STRIP = NO;
				DEBUG_INFORMATION_FORMAT = dwarf;
				ENABLE_STRICT_OBJC_MSGSEND = YES;
				ENABLE_TESTABILITY = YES;
				GCC_C_LANGUAGE_STANDARD = gnu11;
				GCC_DYNAMIC_NO_PIC = NO;
				GCC_NO_COMMON_BLOCKS = YES;
				GCC_OPTIMIZATION_LEVEL = 0;
				GCC_PREPROCESSOR_DEFINITIONS = (
					"DEBUG=1",
					"$(inherited)",
				);
				GCC_WARN_64_TO_32_BIT_CONVERSION = YES;
				GCC_WARN_ABOUT_RETURN_TYPE = YES_ERROR;
				GCC_WARN_UNDECLARED_SELECTOR = YES;
				GCC_WARN_UNINITIALIZED_AUTOS = YES_AGGRESSIVE;
				GCC_WARN_UNUSED_FUNCTION = YES;
				GCC_WARN_UNUSED_VARIABLE = YES;
				IPHONEOS_DEPLOYMENT_TARGET = 14.5;
				MTL_ENABLE_DEBUG_INFO = INCLUDE_SOURCE;
				MTL_FAST_MATH = YES;
				ONLY_ACTIVE_ARCH = YES;
				SDKROOT = iphoneos;
				SWIFT_ACTIVE_COMPILATION_CONDITIONS = DEBUG;
				SWIFT_OPTIMIZATION_LEVEL = "-Onone";
			};
			name = Debug;
		};
		F2AFF96126E0534F0014A8BB /* Release */ = {
			isa = XCBuildConfiguration;
			buildSettings = {
				ALWAYS_SEARCH_USER_PATHS = NO;
				CLANG_ANALYZER_NONNULL = YES;
				CLANG_ANALYZER_NUMBER_OBJECT_CONVERSION = YES_AGGRESSIVE;
				CLANG_CXX_LANGUAGE_STANDARD = "gnu++14";
				CLANG_CXX_LIBRARY = "libc++";
				CLANG_ENABLE_MODULES = YES;
				CLANG_ENABLE_OBJC_ARC = YES;
				CLANG_ENABLE_OBJC_WEAK = YES;
				CLANG_WARN_BLOCK_CAPTURE_AUTORELEASING = YES;
				CLANG_WARN_BOOL_CONVERSION = YES;
				CLANG_WARN_COMMA = YES;
				CLANG_WARN_CONSTANT_CONVERSION = YES;
				CLANG_WARN_DEPRECATED_OBJC_IMPLEMENTATIONS = YES;
				CLANG_WARN_DIRECT_OBJC_ISA_USAGE = YES_ERROR;
				CLANG_WARN_DOCUMENTATION_COMMENTS = YES;
				CLANG_WARN_EMPTY_BODY = YES;
				CLANG_WARN_ENUM_CONVERSION = YES;
				CLANG_WARN_INFINITE_RECURSION = YES;
				CLANG_WARN_INT_CONVERSION = YES;
				CLANG_WARN_NON_LITERAL_NULL_CONVERSION = YES;
				CLANG_WARN_OBJC_IMPLICIT_RETAIN_SELF = YES;
				CLANG_WARN_OBJC_LITERAL_CONVERSION = YES;
				CLANG_WARN_OBJC_ROOT_CLASS = YES_ERROR;
				CLANG_WARN_QUOTED_INCLUDE_IN_FRAMEWORK_HEADER = YES;
				CLANG_WARN_RANGE_LOOP_ANALYSIS = YES;
				CLANG_WARN_STRICT_PROTOTYPES = YES;
				CLANG_WARN_SUSPICIOUS_MOVE = YES;
				CLANG_WARN_UNGUARDED_AVAILABILITY = YES_AGGRESSIVE;
				CLANG_WARN_UNREACHABLE_CODE = YES;
				CLANG_WARN__DUPLICATE_METHOD_MATCH = YES;
				COPY_PHASE_STRIP = NO;
				DEBUG_INFORMATION_FORMAT = "dwarf-with-dsym";
				ENABLE_NS_ASSERTIONS = NO;
				ENABLE_STRICT_OBJC_MSGSEND = YES;
				GCC_C_LANGUAGE_STANDARD = gnu11;
				GCC_NO_COMMON_BLOCKS = YES;
				GCC_WARN_64_TO_32_BIT_CONVERSION = YES;
				GCC_WARN_ABOUT_RETURN_TYPE = YES_ERROR;
				GCC_WARN_UNDECLARED_SELECTOR = YES;
				GCC_WARN_UNINITIALIZED_AUTOS = YES_AGGRESSIVE;
				GCC_WARN_UNUSED_FUNCTION = YES;
				GCC_WARN_UNUSED_VARIABLE = YES;
				IPHONEOS_DEPLOYMENT_TARGET = 14.5;
				MTL_ENABLE_DEBUG_INFO = NO;
				MTL_FAST_MATH = YES;
				SDKROOT = iphoneos;
				SWIFT_COMPILATION_MODE = wholemodule;
				SWIFT_OPTIMIZATION_LEVEL = "-O";
				VALIDATE_PRODUCT = YES;
			};
			name = Release;
		};
		F2AFF96326E0534F0014A8BB /* Debug */ = {
			isa = XCBuildConfiguration;
			buildSettings = {
				ASSETCATALOG_COMPILER_APPICON_NAME = AppIcon;
				ASSETCATALOG_COMPILER_GLOBAL_ACCENT_COLOR_NAME = AccentColor;
				CODE_SIGN_STYLE = Automatic;
				INFOPLIST_FILE = SideBarDIY/Info.plist;
				LD_RUNPATH_SEARCH_PATHS = (
					"$(inherited)",
					"@executable_path/Frameworks",
				);
				PRODUCT_BUNDLE_IDENTIFIER = com.eunae.SideBarDIY;
				PRODUCT_NAME = "$(TARGET_NAME)";
				SWIFT_VERSION = 5.0;
				TARGETED_DEVICE_FAMILY = 1;
			};
			name = Debug;
		};
		F2AFF96426E0534F0014A8BB /* Release */ = {
			isa = XCBuildConfiguration;
			buildSettings = {
				ASSETCATALOG_COMPILER_APPICON_NAME = AppIcon;
				ASSETCATALOG_COMPILER_GLOBAL_ACCENT_COLOR_NAME = AccentColor;
				CODE_SIGN_STYLE = Automatic;
				INFOPLIST_FILE = SideBarDIY/Info.plist;
				LD_RUNPATH_SEARCH_PATHS = (
					"$(inherited)",
					"@executable_path/Frameworks",
				);
				PRODUCT_BUNDLE_IDENTIFIER = com.eunae.SideBarDIY;
				PRODUCT_NAME = "$(TARGET_NAME)";
				SWIFT_VERSION = 5.0;
				TARGETED_DEVICE_FAMILY = 1;
			};
			name = Release;
		};
/* End XCBuildConfiguration section */

/* Begin XCConfigurationList section */
		F2AFF94926E0534E0014A8BB /* Build configuration list for PBXProject "SideBarDIY" */ = {
			isa = XCConfigurationList;
			buildConfigurations = (
				F2AFF96026E0534F0014A8BB /* Debug */,
				F2AFF96126E0534F0014A8BB /* Release */,
			);
			defaultConfigurationIsVisible = 0;
			defaultConfigurationName = Release;
		};
		F2AFF96226E0534F0014A8BB /* Build configuration list for PBXNativeTarget "SideBarDIY" */ = {
			isa = XCConfigurationList;
			buildConfigurations = (
				F2AFF96326E0534F0014A8BB /* Debug */,
				F2AFF96426E0534F0014A8BB /* Release */,
			);
			defaultConfigurationIsVisible = 0;
			defaultConfigurationName = Release;
		};
/* End XCConfigurationList section */
	};
	rootObject = F2AFF94626E0534E0014A8BB /* Project object */;
}
