// !$*UTF8*$!
{
	archiveVersion = 1;
	classes = {
	};
	objectVersion = 55;
	objects = {

/* Begin PBXBuildFile section */
		F20B2D36272646310046B8BC /* DepartmentInfoVC.swift in Sources */ = {isa = PBXBuildFile; fileRef = F20B2D35272646310046B8BC /* DepartmentInfoVC.swift */; };
		F247EB4527225D6A00926334 /* DepartPickerVC.swift in Sources */ = {isa = PBXBuildFile; fileRef = F247EB4427225D6A00926334 /* DepartPickerVC.swift */; };
		F247EB4727229E0500926334 /* hr.sqlite in Resources */ = {isa = PBXBuildFile; fileRef = F247EB4627229E0500926334 /* hr.sqlite */; };
		F2E2BB3A271D41C100568DF9 /* AppDelegate.swift in Sources */ = {isa = PBXBuildFile; fileRef = F2E2BB39271D41C100568DF9 /* AppDelegate.swift */; };
		F2E2BB3C271D41C100568DF9 /* SceneDelegate.swift in Sources */ = {isa = PBXBuildFile; fileRef = F2E2BB3B271D41C100568DF9 /* SceneDelegate.swift */; };
		F2E2BB3E271D41C100568DF9 /* ViewController.swift in Sources */ = {isa = PBXBuildFile; fileRef = F2E2BB3D271D41C100568DF9 /* ViewController.swift */; };
		F2E2BB41271D41C100568DF9 /* Main.storyboard in Resources */ = {isa = PBXBuildFile; fileRef = F2E2BB3F271D41C100568DF9 /* Main.storyboard */; };
		F2E2BB43271D41C400568DF9 /* Assets.xcassets in Resources */ = {isa = PBXBuildFile; fileRef = F2E2BB42271D41C400568DF9 /* Assets.xcassets */; };
		F2E2BB46271D41C400568DF9 /* LaunchScreen.storyboard in Resources */ = {isa = PBXBuildFile; fileRef = F2E2BB44271D41C400568DF9 /* LaunchScreen.storyboard */; };
		F2E2BB5A271D41F000568DF9 /* FMDatabaseQueue.m in Sources */ = {isa = PBXBuildFile; fileRef = F2E2BB4F271D41F000568DF9 /* FMDatabaseQueue.m */; };
		F2E2BB5B271D41F000568DF9 /* FMDatabaseAdditions.m in Sources */ = {isa = PBXBuildFile; fileRef = F2E2BB52271D41F000568DF9 /* FMDatabaseAdditions.m */; };
		F2E2BB5C271D41F000568DF9 /* FMDatabase.m in Sources */ = {isa = PBXBuildFile; fileRef = F2E2BB53271D41F000568DF9 /* FMDatabase.m */; };
		F2E2BB5D271D41F000568DF9 /* FMDatabasePool.m in Sources */ = {isa = PBXBuildFile; fileRef = F2E2BB57271D41F000568DF9 /* FMDatabasePool.m */; };
		F2E2BB5E271D41F000568DF9 /* FMResultSet.m in Sources */ = {isa = PBXBuildFile; fileRef = F2E2BB58271D41F000568DF9 /* FMResultSet.m */; };
		F2E2BB62271D420300568DF9 /* libsqlite3.tbd in Frameworks */ = {isa = PBXBuildFile; fileRef = F2E2BB61271D420300568DF9 /* libsqlite3.tbd */; };
		F2E2BB65271D520F00568DF9 /* DepartmentListVC.swift in Sources */ = {isa = PBXBuildFile; fileRef = F2E2BB64271D520F00568DF9 /* DepartmentListVC.swift */; };
		F2E2BB67271D524800568DF9 /* EmployeeListVC.swift in Sources */ = {isa = PBXBuildFile; fileRef = F2E2BB66271D524800568DF9 /* EmployeeListVC.swift */; };
		F2E2BB6B271D57A600568DF9 /* DepartmentDAO.swift in Sources */ = {isa = PBXBuildFile; fileRef = F2E2BB6A271D57A600568DF9 /* DepartmentDAO.swift */; };
		F2E2BB6D271FA46F00568DF9 /* EmployeeDAO.swift in Sources */ = {isa = PBXBuildFile; fileRef = F2E2BB6C271FA46F00568DF9 /* EmployeeDAO.swift */; };
/* End PBXBuildFile section */

/* Begin PBXFileReference section */
		F20B2D35272646310046B8BC /* DepartmentInfoVC.swift */ = {isa = PBXFileReference; lastKnownFileType = sourcecode.swift; path = DepartmentInfoVC.swift; sourceTree = "<group>"; };
		F247EB4427225D6A00926334 /* DepartPickerVC.swift */ = {isa = PBXFileReference; lastKnownFileType = sourcecode.swift; path = DepartPickerVC.swift; sourceTree = "<group>"; };
		F247EB4627229E0500926334 /* hr.sqlite */ = {isa = PBXFileReference; lastKnownFileType = file; path = hr.sqlite; sourceTree = "<group>"; };
		F2E2BB36271D41C100568DF9 /* HR.app */ = {isa = PBXFileReference; explicitFileType = wrapper.application; includeInIndex = 0; path = HR.app; sourceTree = BUILT_PRODUCTS_DIR; };
		F2E2BB39271D41C100568DF9 /* AppDelegate.swift */ = {isa = PBXFileReference; lastKnownFileType = sourcecode.swift; path = AppDelegate.swift; sourceTree = "<group>"; };
		F2E2BB3B271D41C100568DF9 /* SceneDelegate.swift */ = {isa = PBXFileReference; lastKnownFileType = sourcecode.swift; path = SceneDelegate.swift; sourceTree = "<group>"; };
		F2E2BB3D271D41C100568DF9 /* ViewController.swift */ = {isa = PBXFileReference; lastKnownFileType = sourcecode.swift; path = ViewController.swift; sourceTree = "<group>"; };
		F2E2BB40271D41C100568DF9 /* Base */ = {isa = PBXFileReference; lastKnownFileType = file.storyboard; name = Base; path = Base.lproj/Main.storyboard; sourceTree = "<group>"; };
		F2E2BB42271D41C400568DF9 /* Assets.xcassets */ = {isa = PBXFileReference; lastKnownFileType = folder.assetcatalog; path = Assets.xcassets; sourceTree = "<group>"; };
		F2E2BB45271D41C400568DF9 /* Base */ = {isa = PBXFileReference; lastKnownFileType = file.storyboard; name = Base; path = Base.lproj/LaunchScreen.storyboard; sourceTree = "<group>"; };
		F2E2BB47271D41C400568DF9 /* Info.plist */ = {isa = PBXFileReference; lastKnownFileType = text.plist.xml; path = Info.plist; sourceTree = "<group>"; };
		F2E2BB4E271D41F000568DF9 /* FMDatabase.h */ = {isa = PBXFileReference; fileEncoding = 4; lastKnownFileType = sourcecode.c.h; path = FMDatabase.h; sourceTree = "<group>"; };
		F2E2BB4F271D41F000568DF9 /* FMDatabaseQueue.m */ = {isa = PBXFileReference; fileEncoding = 4; lastKnownFileType = sourcecode.c.objc; path = FMDatabaseQueue.m; sourceTree = "<group>"; };
		F2E2BB50271D41F000568DF9 /* FMResultSet.h */ = {isa = PBXFileReference; fileEncoding = 4; lastKnownFileType = sourcecode.c.h; path = FMResultSet.h; sourceTree = "<group>"; };
		F2E2BB51271D41F000568DF9 /* FMDatabasePool.h */ = {isa = PBXFileReference; fileEncoding = 4; lastKnownFileType = sourcecode.c.h; path = FMDatabasePool.h; sourceTree = "<group>"; };
		F2E2BB52271D41F000568DF9 /* FMDatabaseAdditions.m */ = {isa = PBXFileReference; fileEncoding = 4; lastKnownFileType = sourcecode.c.objc; path = FMDatabaseAdditions.m; sourceTree = "<group>"; };
		F2E2BB53271D41F000568DF9 /* FMDatabase.m */ = {isa = PBXFileReference; fileEncoding = 4; lastKnownFileType = sourcecode.c.objc; path = FMDatabase.m; sourceTree = "<group>"; };
		F2E2BB54271D41F000568DF9 /* FMDatabaseQueue.h */ = {isa = PBXFileReference; fileEncoding = 4; lastKnownFileType = sourcecode.c.h; path = FMDatabaseQueue.h; sourceTree = "<group>"; };
		F2E2BB55271D41F000568DF9 /* FMDB.h */ = {isa = PBXFileReference; fileEncoding = 4; lastKnownFileType = sourcecode.c.h; path = FMDB.h; sourceTree = "<group>"; };
		F2E2BB56271D41F000568DF9 /* FMDatabaseAdditions.h */ = {isa = PBXFileReference; fileEncoding = 4; lastKnownFileType = sourcecode.c.h; path = FMDatabaseAdditions.h; sourceTree = "<group>"; };
		F2E2BB57271D41F000568DF9 /* FMDatabasePool.m */ = {isa = PBXFileReference; fileEncoding = 4; lastKnownFileType = sourcecode.c.objc; path = FMDatabasePool.m; sourceTree = "<group>"; };
		F2E2BB58271D41F000568DF9 /* FMResultSet.m */ = {isa = PBXFileReference; fileEncoding = 4; lastKnownFileType = sourcecode.c.objc; path = FMResultSet.m; sourceTree = "<group>"; };
		F2E2BB61271D420300568DF9 /* libsqlite3.tbd */ = {isa = PBXFileReference; lastKnownFileType = "sourcecode.text-based-dylib-definition"; name = libsqlite3.tbd; path = usr/lib/libsqlite3.tbd; sourceTree = SDKROOT; };
		F2E2BB63271D424400568DF9 /* HR-Bridging-Header.h */ = {isa = PBXFileReference; lastKnownFileType = sourcecode.c.h; path = "HR-Bridging-Header.h"; sourceTree = "<group>"; };
		F2E2BB64271D520F00568DF9 /* DepartmentListVC.swift */ = {isa = PBXFileReference; lastKnownFileType = sourcecode.swift; path = DepartmentListVC.swift; sourceTree = "<group>"; };
		F2E2BB66271D524800568DF9 /* EmployeeListVC.swift */ = {isa = PBXFileReference; lastKnownFileType = sourcecode.swift; path = EmployeeListVC.swift; sourceTree = "<group>"; };
		F2E2BB6A271D57A600568DF9 /* DepartmentDAO.swift */ = {isa = PBXFileReference; lastKnownFileType = sourcecode.swift; path = DepartmentDAO.swift; sourceTree = "<group>"; };
		F2E2BB6C271FA46F00568DF9 /* EmployeeDAO.swift */ = {isa = PBXFileReference; lastKnownFileType = sourcecode.swift; path = EmployeeDAO.swift; sourceTree = "<group>"; };
/* End PBXFileReference section */

/* Begin PBXFrameworksBuildPhase section */
		F2E2BB33271D41C100568DF9 /* Frameworks */ = {
			isa = PBXFrameworksBuildPhase;
			buildActionMask = 2147483647;
			files = (
				F2E2BB62271D420300568DF9 /* libsqlite3.tbd in Frameworks */,
			);
			runOnlyForDeploymentPostprocessing = 0;
		};
/* End PBXFrameworksBuildPhase section */

/* Begin PBXGroup section */
		F2E2BB2D271D41C100568DF9 = {
			isa = PBXGroup;
			children = (
				F2E2BB4D271D41F000568DF9 /* fmdb */,
				F2E2BB38271D41C100568DF9 /* HR */,
				F2E2BB37271D41C100568DF9 /* Products */,
				F2E2BB60271D420300568DF9 /* Frameworks */,
			);
			sourceTree = "<group>";
		};
		F2E2BB37271D41C100568DF9 /* Products */ = {
			isa = PBXGroup;
			children = (
				F2E2BB36271D41C100568DF9 /* HR.app */,
			);
			name = Products;
			sourceTree = "<group>";
		};
		F2E2BB38271D41C100568DF9 /* HR */ = {
			isa = PBXGroup;
			children = (
				F247EB4627229E0500926334 /* hr.sqlite */,
				F2E2BB39271D41C100568DF9 /* AppDelegate.swift */,
				F2E2BB3B271D41C100568DF9 /* SceneDelegate.swift */,
				F2E2BB3D271D41C100568DF9 /* ViewController.swift */,
				F2E2BB3F271D41C100568DF9 /* Main.storyboard */,
				F2E2BB42271D41C400568DF9 /* Assets.xcassets */,
				F2E2BB44271D41C400568DF9 /* LaunchScreen.storyboard */,
				F2E2BB47271D41C400568DF9 /* Info.plist */,
				F2E2BB63271D424400568DF9 /* HR-Bridging-Header.h */,
				F2E2BB64271D520F00568DF9 /* DepartmentListVC.swift */,
				F2E2BB66271D524800568DF9 /* EmployeeListVC.swift */,
				F2E2BB6A271D57A600568DF9 /* DepartmentDAO.swift */,
				F2E2BB6C271FA46F00568DF9 /* EmployeeDAO.swift */,
				F247EB4427225D6A00926334 /* DepartPickerVC.swift */,
				F20B2D35272646310046B8BC /* DepartmentInfoVC.swift */,
			);
			path = HR;
			sourceTree = "<group>";
		};
		F2E2BB4D271D41F000568DF9 /* fmdb */ = {
			isa = PBXGroup;
			children = (
				F2E2BB4E271D41F000568DF9 /* FMDatabase.h */,
				F2E2BB4F271D41F000568DF9 /* FMDatabaseQueue.m */,
				F2E2BB50271D41F000568DF9 /* FMResultSet.h */,
				F2E2BB51271D41F000568DF9 /* FMDatabasePool.h */,
				F2E2BB52271D41F000568DF9 /* FMDatabaseAdditions.m */,
				F2E2BB53271D41F000568DF9 /* FMDatabase.m */,
				F2E2BB54271D41F000568DF9 /* FMDatabaseQueue.h */,
				F2E2BB55271D41F000568DF9 /* FMDB.h */,
				F2E2BB56271D41F000568DF9 /* FMDatabaseAdditions.h */,
				F2E2BB57271D41F000568DF9 /* FMDatabasePool.m */,
				F2E2BB58271D41F000568DF9 /* FMResultSet.m */,
			);
			path = fmdb;
			sourceTree = "<group>";
		};
		F2E2BB60271D420300568DF9 /* Frameworks */ = {
			isa = PBXGroup;
			children = (
				F2E2BB61271D420300568DF9 /* libsqlite3.tbd */,
			);
			name = Frameworks;
			sourceTree = "<group>";
		};
/* End PBXGroup section */

/* Begin PBXNativeTarget section */
		F2E2BB35271D41C100568DF9 /* HR */ = {
			isa = PBXNativeTarget;
			buildConfigurationList = F2E2BB4A271D41C400568DF9 /* Build configuration list for PBXNativeTarget "HR" */;
			buildPhases = (
				F2E2BB32271D41C100568DF9 /* Sources */,
				F2E2BB33271D41C100568DF9 /* Frameworks */,
				F2E2BB34271D41C100568DF9 /* Resources */,
			);
			buildRules = (
			);
			dependencies = (
			);
			name = HR;
			productName = HR;
			productReference = F2E2BB36271D41C100568DF9 /* HR.app */;
			productType = "com.apple.product-type.application";
		};
/* End PBXNativeTarget section */

/* Begin PBXProject section */
		F2E2BB2E271D41C100568DF9 /* Project object */ = {
			isa = PBXProject;
			attributes = {
				BuildIndependentTargetsInParallel = 1;
				LastSwiftUpdateCheck = 1300;
				LastUpgradeCheck = 1300;
				TargetAttributes = {
					F2E2BB35271D41C100568DF9 = {
						CreatedOnToolsVersion = 13.0;
					};
				};
			};
			buildConfigurationList = F2E2BB31271D41C100568DF9 /* Build configuration list for PBXProject "HR" */;
			compatibilityVersion = "Xcode 13.0";
			developmentRegion = en;
			hasScannedForEncodings = 0;
			knownRegions = (
				en,
				Base,
			);
			mainGroup = F2E2BB2D271D41C100568DF9;
			productRefGroup = F2E2BB37271D41C100568DF9 /* Products */;
			projectDirPath = "";
			projectRoot = "";
			targets = (
				F2E2BB35271D41C100568DF9 /* HR */,
			);
		};
/* End PBXProject section */

/* Begin PBXResourcesBuildPhase section */
		F2E2BB34271D41C100568DF9 /* Resources */ = {
			isa = PBXResourcesBuildPhase;
			buildActionMask = 2147483647;
			files = (
				F2E2BB46271D41C400568DF9 /* LaunchScreen.storyboard in Resources */,
				F2E2BB43271D41C400568DF9 /* Assets.xcassets in Resources */,
				F2E2BB41271D41C100568DF9 /* Main.storyboard in Resources */,
				F247EB4727229E0500926334 /* hr.sqlite in Resources */,
			);
			runOnlyForDeploymentPostprocessing = 0;
		};
/* End PBXResourcesBuildPhase section */

/* Begin PBXSourcesBuildPhase section */
		F2E2BB32271D41C100568DF9 /* Sources */ = {
			isa = PBXSourcesBuildPhase;
			buildActionMask = 2147483647;
			files = (
				F2E2BB6D271FA46F00568DF9 /* EmployeeDAO.swift in Sources */,
				F2E2BB3E271D41C100568DF9 /* ViewController.swift in Sources */,
				F2E2BB65271D520F00568DF9 /* DepartmentListVC.swift in Sources */,
				F2E2BB6B271D57A600568DF9 /* DepartmentDAO.swift in Sources */,
				F20B2D36272646310046B8BC /* DepartmentInfoVC.swift in Sources */,
				F2E2BB67271D524800568DF9 /* EmployeeListVC.swift in Sources */,
				F2E2BB5A271D41F000568DF9 /* FMDatabaseQueue.m in Sources */,
				F247EB4527225D6A00926334 /* DepartPickerVC.swift in Sources */,
				F2E2BB3A271D41C100568DF9 /* AppDelegate.swift in Sources */,
				F2E2BB5C271D41F000568DF9 /* FMDatabase.m in Sources */,
				F2E2BB5D271D41F000568DF9 /* FMDatabasePool.m in Sources */,
				F2E2BB3C271D41C100568DF9 /* SceneDelegate.swift in Sources */,
				F2E2BB5E271D41F000568DF9 /* FMResultSet.m in Sources */,
				F2E2BB5B271D41F000568DF9 /* FMDatabaseAdditions.m in Sources */,
			);
			runOnlyForDeploymentPostprocessing = 0;
		};
/* End PBXSourcesBuildPhase section */

/* Begin PBXVariantGroup section */
		F2E2BB3F271D41C100568DF9 /* Main.storyboard */ = {
			isa = PBXVariantGroup;
			children = (
				F2E2BB40271D41C100568DF9 /* Base */,
			);
			name = Main.storyboard;
			sourceTree = "<group>";
		};
		F2E2BB44271D41C400568DF9 /* LaunchScreen.storyboard */ = {
			isa = PBXVariantGroup;
			children = (
				F2E2BB45271D41C400568DF9 /* Base */,
			);
			name = LaunchScreen.storyboard;
			sourceTree = "<group>";
		};
/* End PBXVariantGroup section */

/* Begin XCBuildConfiguration section */
		F2E2BB48271D41C400568DF9 /* Debug */ = {
			isa = XCBuildConfiguration;
			buildSettings = {
				ALWAYS_SEARCH_USER_PATHS = NO;
				CLANG_ANALYZER_NONNULL = YES;
				CLANG_ANALYZER_NUMBER_OBJECT_CONVERSION = YES_AGGRESSIVE;
				CLANG_CXX_LANGUAGE_STANDARD = "gnu++17";
				CLANG_CXX_LIBRARY = "libc++";
				CLANG_ENABLE_MODULES = YES;
				CLANG_ENABLE_OBJC_ARC = YES;
				CLANG_ENABLE_OBJC_WEAK = YES;
				CLANG_WARN_BLOCK_CAPTURE_AUTORELEASING = YES;
				CLANG_WARN_BOOL_CONVERSION = YES;
				CLANG_WARN_COMMA = YES;
				CLANG_WARN_CONSTANT_CONVERSION = YES;
				CLANG_WARN_DEPRECATED_OBJC_IMPLEMENTATIONS = YES;
				CLANG_WARN_DIRECT_OBJC_ISA_USAGE = YES_ERROR;
				CLANG_WARN_DOCUMENTATION_COMMENTS = YES;
				CLANG_WARN_EMPTY_BODY = YES;
				CLANG_WARN_ENUM_CONVERSION = YES;
				CLANG_WARN_INFINITE_RECURSION = YES;
				CLANG_WARN_INT_CONVERSION = YES;
				CLANG_WARN_NON_LITERAL_NULL_CONVERSION = YES;
				CLANG_WARN_OBJC_IMPLICIT_RETAIN_SELF = YES;
				CLANG_WARN_OBJC_LITERAL_CONVERSION = YES;
				CLANG_WARN_OBJC_ROOT_CLASS = YES_ERROR;
				CLANG_WARN_QUOTED_INCLUDE_IN_FRAMEWORK_HEADER = YES;
				CLANG_WARN_RANGE_LOOP_ANALYSIS = YES;
				CLANG_WARN_STRICT_PROTOTYPES = YES;
				CLANG_WARN_SUSPICIOUS_MOVE = YES;
				CLANG_WARN_UNGUARDED_AVAILABILITY = YES_AGGRESSIVE;
				CLANG_WARN_UNREACHABLE_CODE = YES;
				CLANG_WARN__DUPLICATE_METHOD_MATCH = YES;
				COPY_PHASE_STRIP = NO;
				DEBUG_INFORMATION_FORMAT = dwarf;
				ENABLE_STRICT_OBJC_MSGSEND = YES;
				ENABLE_TESTABILITY = YES;
				GCC_C_LANGUAGE_STANDARD = gnu11;
				GCC_DYNAMIC_NO_PIC = NO;
				GCC_NO_COMMON_BLOCKS = YES;
				GCC_OPTIMIZATION_LEVEL = 0;
				GCC_PREPROCESSOR_DEFINITIONS = (
					"DEBUG=1",
					"$(inherited)",
				);
				GCC_WARN_64_TO_32_BIT_CONVERSION = YES;
				GCC_WARN_ABOUT_RETURN_TYPE = YES_ERROR;
				GCC_WARN_UNDECLARED_SELECTOR = YES;
				GCC_WARN_UNINITIALIZED_AUTOS = YES_AGGRESSIVE;
				GCC_WARN_UNUSED_FUNCTION = YES;
				GCC_WARN_UNUSED_VARIABLE = YES;
				IPHONEOS_DEPLOYMENT_TARGET = 15.0;
				MTL_ENABLE_DEBUG_INFO = INCLUDE_SOURCE;
				MTL_FAST_MATH = YES;
				ONLY_ACTIVE_ARCH = YES;
				SDKROOT = iphoneos;
				SWIFT_ACTIVE_COMPILATION_CONDITIONS = DEBUG;
				SWIFT_OPTIMIZATION_LEVEL = "-Onone";
			};
			name = Debug;
		};
		F2E2BB49271D41C400568DF9 /* Release */ = {
			isa = XCBuildConfiguration;
			buildSettings = {
				ALWAYS_SEARCH_USER_PATHS = NO;
				CLANG_ANALYZER_NONNULL = YES;
				CLANG_ANALYZER_NUMBER_OBJECT_CONVERSION = YES_AGGRESSIVE;
				CLANG_CXX_LANGUAGE_STANDARD = "gnu++17";
				CLANG_CXX_LIBRARY = "libc++";
				CLANG_ENABLE_MODULES = YES;
				CLANG_ENABLE_OBJC_ARC = YES;
				CLANG_ENABLE_OBJC_WEAK = YES;
				CLANG_WARN_BLOCK_CAPTURE_AUTORELEASING = YES;
				CLANG_WARN_BOOL_CONVERSION = YES;
				CLANG_WARN_COMMA = YES;
				CLANG_WARN_CONSTANT_CONVERSION = YES;
				CLANG_WARN_DEPRECATED_OBJC_IMPLEMENTATIONS = YES;
				CLANG_WARN_DIRECT_OBJC_ISA_USAGE = YES_ERROR;
				CLANG_WARN_DOCUMENTATION_COMMENTS = YES;
				CLANG_WARN_EMPTY_BODY = YES;
				CLANG_WARN_ENUM_CONVERSION = YES;
				CLANG_WARN_INFINITE_RECURSION = YES;
				CLANG_WARN_INT_CONVERSION = YES;
				CLANG_WARN_NON_LITERAL_NULL_CONVERSION = YES;
				CLANG_WARN_OBJC_IMPLICIT_RETAIN_SELF = YES;
				CLANG_WARN_OBJC_LITERAL_CONVERSION = YES;
				CLANG_WARN_OBJC_ROOT_CLASS = YES_ERROR;
				CLANG_WARN_QUOTED_INCLUDE_IN_FRAMEWORK_HEADER = YES;
				CLANG_WARN_RANGE_LOOP_ANALYSIS = YES;
				CLANG_WARN_STRICT_PROTOTYPES = YES;
				CLANG_WARN_SUSPICIOUS_MOVE = YES;
				CLANG_WARN_UNGUARDED_AVAILABILITY = YES_AGGRESSIVE;
				CLANG_WARN_UNREACHABLE_CODE = YES;
				CLANG_WARN__DUPLICATE_METHOD_MATCH = YES;
				COPY_PHASE_STRIP = NO;
				DEBUG_INFORMATION_FORMAT = "dwarf-with-dsym";
				ENABLE_NS_ASSERTIONS = NO;
				ENABLE_STRICT_OBJC_MSGSEND = YES;
				GCC_C_LANGUAGE_STANDARD = gnu11;
				GCC_NO_COMMON_BLOCKS = YES;
				GCC_WARN_64_TO_32_BIT_CONVERSION = YES;
				GCC_WARN_ABOUT_RETURN_TYPE = YES_ERROR;
				GCC_WARN_UNDECLARED_SELECTOR = YES;
				GCC_WARN_UNINITIALIZED_AUTOS = YES_AGGRESSIVE;
				GCC_WARN_UNUSED_FUNCTION = YES;
				GCC_WARN_UNUSED_VARIABLE = YES;
				IPHONEOS_DEPLOYMENT_TARGET = 15.0;
				MTL_ENABLE_DEBUG_INFO = NO;
				MTL_FAST_MATH = YES;
				SDKROOT = iphoneos;
				SWIFT_COMPILATION_MODE = wholemodule;
				SWIFT_OPTIMIZATION_LEVEL = "-O";
				VALIDATE_PRODUCT = YES;
			};
			name = Release;
		};
		F2E2BB4B271D41C400568DF9 /* Debug */ = {
			isa = XCBuildConfiguration;
			buildSettings = {
				ASSETCATALOG_COMPILER_APPICON_NAME = AppIcon;
				ASSETCATALOG_COMPILER_GLOBAL_ACCENT_COLOR_NAME = AccentColor;
				CODE_SIGN_STYLE = Automatic;
				CURRENT_PROJECT_VERSION = 1;
				DEVELOPMENT_TEAM = P446D369B2;
				GENERATE_INFOPLIST_FILE = YES;
				INFOPLIST_FILE = HR/Info.plist;
				INFOPLIST_KEY_UIApplicationSupportsIndirectInputEvents = YES;
				INFOPLIST_KEY_UILaunchStoryboardName = LaunchScreen;
				INFOPLIST_KEY_UIMainStoryboardFile = Main;
				INFOPLIST_KEY_UISupportedInterfaceOrientations_iPad = "UIInterfaceOrientationPortrait UIInterfaceOrientationPortraitUpsideDown UIInterfaceOrientationLandscapeLeft UIInterfaceOrientationLandscapeRight";
				INFOPLIST_KEY_UISupportedInterfaceOrientations_iPhone = "UIInterfaceOrientationPortrait UIInterfaceOrientationLandscapeLeft UIInterfaceOrientationLandscapeRight";
				LD_RUNPATH_SEARCH_PATHS = (
					"$(inherited)",
					"@executable_path/Frameworks",
				);
				MARKETING_VERSION = 1.0;
				PRODUCT_BUNDLE_IDENTIFIER = com.eunae.HR;
				PRODUCT_NAME = "$(TARGET_NAME)";
				SWIFT_EMIT_LOC_STRINGS = YES;
				SWIFT_OBJC_BRIDGING_HEADER = "HR/HR-Bridging-Header.h";
				SWIFT_VERSION = 5.0;
				TARGETED_DEVICE_FAMILY = "1,2";
			};
			name = Debug;
		};
		F2E2BB4C271D41C400568DF9 /* Release */ = {
			isa = XCBuildConfiguration;
			buildSettings = {
				ASSETCATALOG_COMPILER_APPICON_NAME = AppIcon;
				ASSETCATALOG_COMPILER_GLOBAL_ACCENT_COLOR_NAME = AccentColor;
				CODE_SIGN_STYLE = Automatic;
				CURRENT_PROJECT_VERSION = 1;
				DEVELOPMENT_TEAM = P446D369B2;
				GENERATE_INFOPLIST_FILE = YES;
				INFOPLIST_FILE = HR/Info.plist;
				INFOPLIST_KEY_UIApplicationSupportsIndirectInputEvents = YES;
				INFOPLIST_KEY_UILaunchStoryboardName = LaunchScreen;
				INFOPLIST_KEY_UIMainStoryboardFile = Main;
				INFOPLIST_KEY_UISupportedInterfaceOrientations_iPad = "UIInterfaceOrientationPortrait UIInterfaceOrientationPortraitUpsideDown UIInterfaceOrientationLandscapeLeft UIInterfaceOrientationLandscapeRight";
				INFOPLIST_KEY_UISupportedInterfaceOrientations_iPhone = "UIInterfaceOrientationPortrait UIInterfaceOrientationLandscapeLeft UIInterfaceOrientationLandscapeRight";
				LD_RUNPATH_SEARCH_PATHS = (
					"$(inherited)",
					"@executable_path/Frameworks",
				);
				MARKETING_VERSION = 1.0;
				PRODUCT_BUNDLE_IDENTIFIER = com.eunae.HR;
				PRODUCT_NAME = "$(TARGET_NAME)";
				SWIFT_EMIT_LOC_STRINGS = YES;
				SWIFT_OBJC_BRIDGING_HEADER = "HR/HR-Bridging-Header.h";
				SWIFT_VERSION = 5.0;
				TARGETED_DEVICE_FAMILY = "1,2";
			};
			name = Release;
		};
/* End XCBuildConfiguration section */

/* Begin XCConfigurationList section */
		F2E2BB31271D41C100568DF9 /* Build configuration list for PBXProject "HR" */ = {
			isa = XCConfigurationList;
			buildConfigurations = (
				F2E2BB48271D41C400568DF9 /* Debug */,
				F2E2BB49271D41C400568DF9 /* Release */,
			);
			defaultConfigurationIsVisible = 0;
			defaultConfigurationName = Release;
		};
		F2E2BB4A271D41C400568DF9 /* Build configuration list for PBXNativeTarget "HR" */ = {
			isa = XCConfigurationList;
			buildConfigurations = (
				F2E2BB4B271D41C400568DF9 /* Debug */,
				F2E2BB4C271D41C400568DF9 /* Release */,
			);
			defaultConfigurationIsVisible = 0;
			defaultConfigurationName = Release;
		};
/* End XCConfigurationList section */
	};
	rootObject = F2E2BB2E271D41C100568DF9 /* Project object */;
}
