// !$*UTF8*$!
{
	archiveVersion = 1;
	classes = {
	};
	objectVersion = 50;
	objects = {

/* Begin PBXBuildFile section */
		F2E5A5F226D5E9AD00D06055 /* AppDelegate.swift in Sources */ = {isa = PBXBuildFile; fileRef = F2E5A5F126D5E9AD00D06055 /* AppDelegate.swift */; };
		F2E5A5F426D5E9AD00D06055 /* SceneDelegate.swift in Sources */ = {isa = PBXBuildFile; fileRef = F2E5A5F326D5E9AD00D06055 /* SceneDelegate.swift */; };
		F2E5A5F626D5E9AD00D06055 /* ViewController.swift in Sources */ = {isa = PBXBuildFile; fileRef = F2E5A5F526D5E9AD00D06055 /* ViewController.swift */; };
		F2E5A5F926D5E9AD00D06055 /* Main.storyboard in Resources */ = {isa = PBXBuildFile; fileRef = F2E5A5F726D5E9AD00D06055 /* Main.storyboard */; };
		F2E5A5FB26D5E9AF00D06055 /* Assets.xcassets in Resources */ = {isa = PBXBuildFile; fileRef = F2E5A5FA26D5E9AF00D06055 /* Assets.xcassets */; };
		F2E5A5FE26D5E9AF00D06055 /* LaunchScreen.storyboard in Resources */ = {isa = PBXBuildFile; fileRef = F2E5A5FC26D5E9AF00D06055 /* LaunchScreen.storyboard */; };
		F2E5A60926D604EF00D06055 /* swift_logo@3x.png in Resources */ = {isa = PBXBuildFile; fileRef = F2E5A60626D604EF00D06055 /* swift_logo@3x.png */; };
		F2E5A60A26D604EF00D06055 /* arrow-back@2x.png in Resources */ = {isa = PBXBuildFile; fileRef = F2E5A60726D604EF00D06055 /* arrow-back@2x.png */; };
		F2E5A60B26D604EF00D06055 /* more@2x.png in Resources */ = {isa = PBXBuildFile; fileRef = F2E5A60826D604EF00D06055 /* more@2x.png */; };
/* End PBXBuildFile section */

/* Begin PBXFileReference section */
		F2E5A5EE26D5E9AD00D06055 /* NavigationBar.app */ = {isa = PBXFileReference; explicitFileType = wrapper.application; includeInIndex = 0; path = NavigationBar.app; sourceTree = BUILT_PRODUCTS_DIR; };
		F2E5A5F126D5E9AD00D06055 /* AppDelegate.swift */ = {isa = PBXFileReference; lastKnownFileType = sourcecode.swift; path = AppDelegate.swift; sourceTree = "<group>"; };
		F2E5A5F326D5E9AD00D06055 /* SceneDelegate.swift */ = {isa = PBXFileReference; lastKnownFileType = sourcecode.swift; path = SceneDelegate.swift; sourceTree = "<group>"; };
		F2E5A5F526D5E9AD00D06055 /* ViewController.swift */ = {isa = PBXFileReference; lastKnownFileType = sourcecode.swift; path = ViewController.swift; sourceTree = "<group>"; };
		F2E5A5F826D5E9AD00D06055 /* Base */ = {isa = PBXFileReference; lastKnownFileType = file.storyboard; name = Base; path = Base.lproj/Main.storyboard; sourceTree = "<group>"; };
		F2E5A5FA26D5E9AF00D06055 /* Assets.xcassets */ = {isa = PBXFileReference; lastKnownFileType = folder.assetcatalog; path = Assets.xcassets; sourceTree = "<group>"; };
		F2E5A5FD26D5E9AF00D06055 /* Base */ = {isa = PBXFileReference; lastKnownFileType = file.storyboard; name = Base; path = Base.lproj/LaunchScreen.storyboard; sourceTree = "<group>"; };
		F2E5A5FF26D5E9AF00D06055 /* Info.plist */ = {isa = PBXFileReference; lastKnownFileType = text.plist.xml; path = Info.plist; sourceTree = "<group>"; };
		F2E5A60626D604EF00D06055 /* swift_logo@3x.png */ = {isa = PBXFileReference; lastKnownFileType = image.png; path = "swift_logo@3x.png"; sourceTree = "<group>"; };
		F2E5A60726D604EF00D06055 /* arrow-back@2x.png */ = {isa = PBXFileReference; lastKnownFileType = image.png; path = "arrow-back@2x.png"; sourceTree = "<group>"; };
		F2E5A60826D604EF00D06055 /* more@2x.png */ = {isa = PBXFileReference; lastKnownFileType = image.png; path = "more@2x.png"; sourceTree = "<group>"; };
/* End PBXFileReference section */

/* Begin PBXFrameworksBuildPhase section */
		F2E5A5EB26D5E9AD00D06055 /* Frameworks */ = {
			isa = PBXFrameworksBuildPhase;
			buildActionMask = 2147483647;
			files = (
			);
			runOnlyForDeploymentPostprocessing = 0;
		};
/* End PBXFrameworksBuildPhase section */

/* Begin PBXGroup section */
		F2E5A5E526D5E9AD00D06055 = {
			isa = PBXGroup;
			children = (
				F2E5A60526D604D400D06055 /* Resources */,
				F2E5A5F026D5E9AD00D06055 /* NavigationBar */,
				F2E5A5EF26D5E9AD00D06055 /* Products */,
			);
			sourceTree = "<group>";
		};
		F2E5A5EF26D5E9AD00D06055 /* Products */ = {
			isa = PBXGroup;
			children = (
				F2E5A5EE26D5E9AD00D06055 /* NavigationBar.app */,
			);
			name = Products;
			sourceTree = "<group>";
		};
		F2E5A5F026D5E9AD00D06055 /* NavigationBar */ = {
			isa = PBXGroup;
			children = (
				F2E5A5F126D5E9AD00D06055 /* AppDelegate.swift */,
				F2E5A5F326D5E9AD00D06055 /* SceneDelegate.swift */,
				F2E5A5F526D5E9AD00D06055 /* ViewController.swift */,
				F2E5A5F726D5E9AD00D06055 /* Main.storyboard */,
				F2E5A5FA26D5E9AF00D06055 /* Assets.xcassets */,
				F2E5A5FC26D5E9AF00D06055 /* LaunchScreen.storyboard */,
				F2E5A5FF26D5E9AF00D06055 /* Info.plist */,
			);
			path = NavigationBar;
			sourceTree = "<group>";
		};
		F2E5A60526D604D400D06055 /* Resources */ = {
			isa = PBXGroup;
			children = (
				F2E5A60726D604EF00D06055 /* arrow-back@2x.png */,
				F2E5A60826D604EF00D06055 /* more@2x.png */,
				F2E5A60626D604EF00D06055 /* swift_logo@3x.png */,
			);
			path = Resources;
			sourceTree = "<group>";
		};
/* End PBXGroup section */

/* Begin PBXNativeTarget section */
		F2E5A5ED26D5E9AD00D06055 /* NavigationBar */ = {
			isa = PBXNativeTarget;
			buildConfigurationList = F2E5A60226D5E9AF00D06055 /* Build configuration list for PBXNativeTarget "NavigationBar" */;
			buildPhases = (
				F2E5A5EA26D5E9AD00D06055 /* Sources */,
				F2E5A5EB26D5E9AD00D06055 /* Frameworks */,
				F2E5A5EC26D5E9AD00D06055 /* Resources */,
			);
			buildRules = (
			);
			dependencies = (
			);
			name = NavigationBar;
			productName = NavigationBar;
			productReference = F2E5A5EE26D5E9AD00D06055 /* NavigationBar.app */;
			productType = "com.apple.product-type.application";
		};
/* End PBXNativeTarget section */

/* Begin PBXProject section */
		F2E5A5E626D5E9AD00D06055 /* Project object */ = {
			isa = PBXProject;
			attributes = {
				LastSwiftUpdateCheck = 1250;
				LastUpgradeCheck = 1250;
				TargetAttributes = {
					F2E5A5ED26D5E9AD00D06055 = {
						CreatedOnToolsVersion = 12.5.1;
					};
				};
			};
			buildConfigurationList = F2E5A5E926D5E9AD00D06055 /* Build configuration list for PBXProject "NavigationBar" */;
			compatibilityVersion = "Xcode 9.3";
			developmentRegion = en;
			hasScannedForEncodings = 0;
			knownRegions = (
				en,
				Base,
			);
			mainGroup = F2E5A5E526D5E9AD00D06055;
			productRefGroup = F2E5A5EF26D5E9AD00D06055 /* Products */;
			projectDirPath = "";
			projectRoot = "";
			targets = (
				F2E5A5ED26D5E9AD00D06055 /* NavigationBar */,
			);
		};
/* End PBXProject section */

/* Begin PBXResourcesBuildPhase section */
		F2E5A5EC26D5E9AD00D06055 /* Resources */ = {
			isa = PBXResourcesBuildPhase;
			buildActionMask = 2147483647;
			files = (
				F2E5A60926D604EF00D06055 /* swift_logo@3x.png in Resources */,
				F2E5A5FE26D5E9AF00D06055 /* LaunchScreen.storyboard in Resources */,
				F2E5A60A26D604EF00D06055 /* arrow-back@2x.png in Resources */,
				F2E5A60B26D604EF00D06055 /* more@2x.png in Resources */,
				F2E5A5FB26D5E9AF00D06055 /* Assets.xcassets in Resources */,
				F2E5A5F926D5E9AD00D06055 /* Main.storyboard in Resources */,
			);
			runOnlyForDeploymentPostprocessing = 0;
		};
/* End PBXResourcesBuildPhase section */

/* Begin PBXSourcesBuildPhase section */
		F2E5A5EA26D5E9AD00D06055 /* Sources */ = {
			isa = PBXSourcesBuildPhase;
			buildActionMask = 2147483647;
			files = (
				F2E5A5F626D5E9AD00D06055 /* ViewController.swift in Sources */,
				F2E5A5F226D5E9AD00D06055 /* AppDelegate.swift in Sources */,
				F2E5A5F426D5E9AD00D06055 /* SceneDelegate.swift in Sources */,
			);
			runOnlyForDeploymentPostprocessing = 0;
		};
/* End PBXSourcesBuildPhase section */

/* Begin PBXVariantGroup section */
		F2E5A5F726D5E9AD00D06055 /* Main.storyboard */ = {
			isa = PBXVariantGroup;
			children = (
				F2E5A5F826D5E9AD00D06055 /* Base */,
			);
			name = Main.storyboard;
			sourceTree = "<group>";
		};
		F2E5A5FC26D5E9AF00D06055 /* LaunchScreen.storyboard */ = {
			isa = PBXVariantGroup;
			children = (
				F2E5A5FD26D5E9AF00D06055 /* Base */,
			);
			name = LaunchScreen.storyboard;
			sourceTree = "<group>";
		};
/* End PBXVariantGroup section */

/* Begin XCBuildConfiguration section */
		F2E5A60026D5E9AF00D06055 /* Debug */ = {
			isa = XCBuildConfiguration;
			buildSettings = {
				ALWAYS_SEARCH_USER_PATHS = NO;
				CLANG_ANALYZER_NONNULL = YES;
				CLANG_ANALYZER_NUMBER_OBJECT_CONVERSION = YES_AGGRESSIVE;
				CLANG_CXX_LANGUAGE_STANDARD = "gnu++14";
				CLANG_CXX_LIBRARY = "libc++";
				CLANG_ENABLE_MODULES = YES;
				CLANG_ENABLE_OBJC_ARC = YES;
				CLANG_ENABLE_OBJC_WEAK = YES;
				CLANG_WARN_BLOCK_CAPTURE_AUTORELEASING = YES;
				CLANG_WARN_BOOL_CONVERSION = YES;
				CLANG_WARN_COMMA = YES;
				CLANG_WARN_CONSTANT_CONVERSION = YES;
				CLANG_WARN_DEPRECATED_OBJC_IMPLEMENTATIONS = YES;
				CLANG_WARN_DIRECT_OBJC_ISA_USAGE = YES_ERROR;
				CLANG_WARN_DOCUMENTATION_COMMENTS = YES;
				CLANG_WARN_EMPTY_BODY = YES;
				CLANG_WARN_ENUM_CONVERSION = YES;
				CLANG_WARN_INFINITE_RECURSION = YES;
				CLANG_WARN_INT_CONVERSION = YES;
				CLANG_WARN_NON_LITERAL_NULL_CONVERSION = YES;
				CLANG_WARN_OBJC_IMPLICIT_RETAIN_SELF = YES;
				CLANG_WARN_OBJC_LITERAL_CONVERSION = YES;
				CLANG_WARN_OBJC_ROOT_CLASS = YES_ERROR;
				CLANG_WARN_QUOTED_INCLUDE_IN_FRAMEWORK_HEADER = YES;
				CLANG_WARN_RANGE_LOOP_ANALYSIS = YES;
				CLANG_WARN_STRICT_PROTOTYPES = YES;
				CLANG_WARN_SUSPICIOUS_MOVE = YES;
				CLANG_WARN_UNGUARDED_AVAILABILITY = YES_AGGRESSIVE;
				CLANG_WARN_UNREACHABLE_CODE = YES;
				CLANG_WARN__DUPLICATE_METHOD_MATCH = YES;
				COPY_PHASE_STRIP = NO;
				DEBUG_INFORMATION_FORMAT = dwarf;
				ENABLE_STRICT_OBJC_MSGSEND = YES;
				ENABLE_TESTABILITY = YES;
				GCC_C_LANGUAGE_STANDARD = gnu11;
				GCC_DYNAMIC_NO_PIC = NO;
				GCC_NO_COMMON_BLOCKS = YES;
				GCC_OPTIMIZATION_LEVEL = 0;
				GCC_PREPROCESSOR_DEFINITIONS = (
					"DEBUG=1",
					"$(inherited)",
				);
				GCC_WARN_64_TO_32_BIT_CONVERSION = YES;
				GCC_WARN_ABOUT_RETURN_TYPE = YES_ERROR;
				GCC_WARN_UNDECLARED_SELECTOR = YES;
				GCC_WARN_UNINITIALIZED_AUTOS = YES_AGGRESSIVE;
				GCC_WARN_UNUSED_FUNCTION = YES;
				GCC_WARN_UNUSED_VARIABLE = YES;
				IPHONEOS_DEPLOYMENT_TARGET = 14.5;
				MTL_ENABLE_DEBUG_INFO = INCLUDE_SOURCE;
				MTL_FAST_MATH = YES;
				ONLY_ACTIVE_ARCH = YES;
				SDKROOT = iphoneos;
				SWIFT_ACTIVE_COMPILATION_CONDITIONS = DEBUG;
				SWIFT_OPTIMIZATION_LEVEL = "-Onone";
			};
			name = Debug;
		};
		F2E5A60126D5E9AF00D06055 /* Release */ = {
			isa = XCBuildConfiguration;
			buildSettings = {
				ALWAYS_SEARCH_USER_PATHS = NO;
				CLANG_ANALYZER_NONNULL = YES;
				CLANG_ANALYZER_NUMBER_OBJECT_CONVERSION = YES_AGGRESSIVE;
				CLANG_CXX_LANGUAGE_STANDARD = "gnu++14";
				CLANG_CXX_LIBRARY = "libc++";
				CLANG_ENABLE_MODULES = YES;
				CLANG_ENABLE_OBJC_ARC = YES;
				CLANG_ENABLE_OBJC_WEAK = YES;
				CLANG_WARN_BLOCK_CAPTURE_AUTORELEASING = YES;
				CLANG_WARN_BOOL_CONVERSION = YES;
				CLANG_WARN_COMMA = YES;
				CLANG_WARN_CONSTANT_CONVERSION = YES;
				CLANG_WARN_DEPRECATED_OBJC_IMPLEMENTATIONS = YES;
				CLANG_WARN_DIRECT_OBJC_ISA_USAGE = YES_ERROR;
				CLANG_WARN_DOCUMENTATION_COMMENTS = YES;
				CLANG_WARN_EMPTY_BODY = YES;
				CLANG_WARN_ENUM_CONVERSION = YES;
				CLANG_WARN_INFINITE_RECURSION = YES;
				CLANG_WARN_INT_CONVERSION = YES;
				CLANG_WARN_NON_LITERAL_NULL_CONVERSION = YES;
				CLANG_WARN_OBJC_IMPLICIT_RETAIN_SELF = YES;
				CLANG_WARN_OBJC_LITERAL_CONVERSION = YES;
				CLANG_WARN_OBJC_ROOT_CLASS = YES_ERROR;
				CLANG_WARN_QUOTED_INCLUDE_IN_FRAMEWORK_HEADER = YES;
				CLANG_WARN_RANGE_LOOP_ANALYSIS = YES;
				CLANG_WARN_STRICT_PROTOTYPES = YES;
				CLANG_WARN_SUSPICIOUS_MOVE = YES;
				CLANG_WARN_UNGUARDED_AVAILABILITY = YES_AGGRESSIVE;
				CLANG_WARN_UNREACHABLE_CODE = YES;
				CLANG_WARN__DUPLICATE_METHOD_MATCH = YES;
				COPY_PHASE_STRIP = NO;
				DEBUG_INFORMATION_FORMAT = "dwarf-with-dsym";
				ENABLE_NS_ASSERTIONS = NO;
				ENABLE_STRICT_OBJC_MSGSEND = YES;
				GCC_C_LANGUAGE_STANDARD = gnu11;
				GCC_NO_COMMON_BLOCKS = YES;
				GCC_WARN_64_TO_32_BIT_CONVERSION = YES;
				GCC_WARN_ABOUT_RETURN_TYPE = YES_ERROR;
				GCC_WARN_UNDECLARED_SELECTOR = YES;
				GCC_WARN_UNINITIALIZED_AUTOS = YES_AGGRESSIVE;
				GCC_WARN_UNUSED_FUNCTION = YES;
				GCC_WARN_UNUSED_VARIABLE = YES;
				IPHONEOS_DEPLOYMENT_TARGET = 14.5;
				MTL_ENABLE_DEBUG_INFO = NO;
				MTL_FAST_MATH = YES;
				SDKROOT = iphoneos;
				SWIFT_COMPILATION_MODE = wholemodule;
				SWIFT_OPTIMIZATION_LEVEL = "-O";
				VALIDATE_PRODUCT = YES;
			};
			name = Release;
		};
		F2E5A60326D5E9AF00D06055 /* Debug */ = {
			isa = XCBuildConfiguration;
			buildSettings = {
				ASSETCATALOG_COMPILER_APPICON_NAME = AppIcon;
				ASSETCATALOG_COMPILER_GLOBAL_ACCENT_COLOR_NAME = AccentColor;
				CODE_SIGN_STYLE = Automatic;
				INFOPLIST_FILE = NavigationBar/Info.plist;
				LD_RUNPATH_SEARCH_PATHS = (
					"$(inherited)",
					"@executable_path/Frameworks",
				);
				PRODUCT_BUNDLE_IDENTIFIER = com.eunae.NavigationBar;
				PRODUCT_NAME = "$(TARGET_NAME)";
				SWIFT_VERSION = 5.0;
				TARGETED_DEVICE_FAMILY = "1,2";
			};
			name = Debug;
		};
		F2E5A60426D5E9AF00D06055 /* Release */ = {
			isa = XCBuildConfiguration;
			buildSettings = {
				ASSETCATALOG_COMPILER_APPICON_NAME = AppIcon;
				ASSETCATALOG_COMPILER_GLOBAL_ACCENT_COLOR_NAME = AccentColor;
				CODE_SIGN_STYLE = Automatic;
				INFOPLIST_FILE = NavigationBar/Info.plist;
				LD_RUNPATH_SEARCH_PATHS = (
					"$(inherited)",
					"@executable_path/Frameworks",
				);
				PRODUCT_BUNDLE_IDENTIFIER = com.eunae.NavigationBar;
				PRODUCT_NAME = "$(TARGET_NAME)";
				SWIFT_VERSION = 5.0;
				TARGETED_DEVICE_FAMILY = "1,2";
			};
			name = Release;
		};
/* End XCBuildConfiguration section */

/* Begin XCConfigurationList section */
		F2E5A5E926D5E9AD00D06055 /* Build configuration list for PBXProject "NavigationBar" */ = {
			isa = XCConfigurationList;
			buildConfigurations = (
				F2E5A60026D5E9AF00D06055 /* Debug */,
				F2E5A60126D5E9AF00D06055 /* Release */,
			);
			defaultConfigurationIsVisible = 0;
			defaultConfigurationName = Release;
		};
		F2E5A60226D5E9AF00D06055 /* Build configuration list for PBXNativeTarget "NavigationBar" */ = {
			isa = XCConfigurationList;
			buildConfigurations = (
				F2E5A60326D5E9AF00D06055 /* Debug */,
				F2E5A60426D5E9AF00D06055 /* Release */,
			);
			defaultConfigurationIsVisible = 0;
			defaultConfigurationName = Release;
		};
/* End XCConfigurationList section */
	};
	rootObject = F2E5A5E626D5E9AD00D06055 /* Project object */;
}
